// !$*UTF8*$!
{
	archiveVersion = 1;
	classes = {
	};
	objectVersion = 46;
	objects = {

/* Begin PBXBuildFile section */
		C2CD43301B3E2FA100C399B8 /* main.m in Sources */ = {isa = PBXBuildFile; fileRef = C2CD432F1B3E2FA100C399B8 /* main.m */; };
		C2CD43331B3E2FA100C399B8 /* AppDelegate.m in Sources */ = {isa = PBXBuildFile; fileRef = C2CD43321B3E2FA100C399B8 /* AppDelegate.m */; };
		C2CD43361B3E2FA100C399B8 /* Login.xcdatamodeld in Sources */ = {isa = PBXBuildFile; fileRef = C2CD43341B3E2FA100C399B8 /* Login.xcdatamodeld */; };
		C2CD43391B3E2FA100C399B8 /* ViewController.m in Sources */ = {isa = PBXBuildFile; fileRef = C2CD43381B3E2FA100C399B8 /* ViewController.m */; };
		C2CD433C1B3E2FA100C399B8 /* Main.storyboard in Resources */ = {isa = PBXBuildFile; fileRef = C2CD433A1B3E2FA100C399B8 /* Main.storyboard */; };
		C2CD433E1B3E2FA100C399B8 /* Images.xcassets in Resources */ = {isa = PBXBuildFile; fileRef = C2CD433D1B3E2FA100C399B8 /* Images.xcassets */; };
		C2CD43411B3E2FA100C399B8 /* LaunchScreen.xib in Resources */ = {isa = PBXBuildFile; fileRef = C2CD433F1B3E2FA100C399B8 /* LaunchScreen.xib */; };
		C2CD434D1B3E2FA100C399B8 /* LoginTests.m in Sources */ = {isa = PBXBuildFile; fileRef = C2CD434C1B3E2FA100C399B8 /* LoginTests.m */; };
/* End PBXBuildFile section */

/* Begin PBXContainerItemProxy section */
		C2CD43471B3E2FA100C399B8 /* PBXContainerItemProxy */ = {
			isa = PBXContainerItemProxy;
			containerPortal = C2CD43221B3E2FA100C399B8 /* Project object */;
			proxyType = 1;
			remoteGlobalIDString = C2CD43291B3E2FA100C399B8;
			remoteInfo = Login;
		};
/* End PBXContainerItemProxy section */

/* Begin PBXFileReference section */
		C2CD432A1B3E2FA100C399B8 /* Login.app */ = {isa = PBXFileReference; explicitFileType = wrapper.application; includeInIndex = 0; path = Login.app; sourceTree = BUILT_PRODUCTS_DIR; };
		C2CD432E1B3E2FA100C399B8 /* Info.plist */ = {isa = PBXFileReference; lastKnownFileType = text.plist.xml; path = Info.plist; sourceTree = "<group>"; };
		C2CD432F1B3E2FA100C399B8 /* main.m */ = {isa = PBXFileReference; lastKnownFileType = sourcecode.c.objc; path = main.m; sourceTree = "<group>"; };
		C2CD43311B3E2FA100C399B8 /* AppDelegate.h */ = {isa = PBXFileReference; lastKnownFileType = sourcecode.c.h; path = AppDelegate.h; sourceTree = "<group>"; };
		C2CD43321B3E2FA100C399B8 /* AppDelegate.m */ = {isa = PBXFileReference; lastKnownFileType = sourcecode.c.objc; path = AppDelegate.m; sourceTree = "<group>"; };
		C2CD43351B3E2FA100C399B8 /* Login.xcdatamodel */ = {isa = PBXFileReference; lastKnownFileType = wrapper.xcdatamodel; path = Login.xcdatamodel; sourceTree = "<group>"; };
		C2CD43371B3E2FA100C399B8 /* ViewController.h */ = {isa = PBXFileReference; lastKnownFileType = sourcecode.c.h; path = ViewController.h; sourceTree = "<group>"; };
		C2CD43381B3E2FA100C399B8 /* ViewController.m */ = {isa = PBXFileReference; lastKnownFileType = sourcecode.c.objc; path = ViewController.m; sourceTree = "<group>"; };
		C2CD433B1B3E2FA100C399B8 /* Base */ = {isa = PBXFileReference; lastKnownFileType = file.storyboard; name = Base; path = Base.lproj/Main.storyboard; sourceTree = "<group>"; };
		C2CD433D1B3E2FA100C399B8 /* Images.xcassets */ = {isa = PBXFileReference; lastKnownFileType = folder.assetcatalog; path = Images.xcassets; sourceTree = "<group>"; };
		C2CD43401B3E2FA100C399B8 /* Base */ = {isa = PBXFileReference; lastKnownFileType = file.xib; name = Base; path = Base.lproj/LaunchScreen.xib; sourceTree = "<group>"; };
		C2CD43461B3E2FA100C399B8 /* LoginTests.xctest */ = {isa = PBXFileReference; explicitFileType = wrapper.cfbundle; includeInIndex = 0; path = LoginTests.xctest; sourceTree = BUILT_PRODUCTS_DIR; };
		C2CD434B1B3E2FA100C399B8 /* Info.plist */ = {isa = PBXFileReference; lastKnownFileType = text.plist.xml; path = Info.plist; sourceTree = "<group>"; };
		C2CD434C1B3E2FA100C399B8 /* LoginTests.m */ = {isa = PBXFileReference; lastKnownFileType = sourcecode.c.objc; path = LoginTests.m; sourceTree = "<group>"; };
/* End PBXFileReference section */

/* Begin PBXFrameworksBuildPhase section */
		C2CD43271B3E2FA100C399B8 /* Frameworks */ = {
			isa = PBXFrameworksBuildPhase;
			buildActionMask = 2147483647;
			files = (
			);
			runOnlyForDeploymentPostprocessing = 0;
		};
		C2CD43431B3E2FA100C399B8 /* Frameworks */ = {
			isa = PBXFrameworksBuildPhase;
			buildActionMask = 2147483647;
			files = (
			);
			runOnlyForDeploymentPostprocessing = 0;
		};
/* End PBXFrameworksBuildPhase section */

/* Begin PBXGroup section */
		C2CD43211B3E2FA100C399B8 = {
			isa = PBXGroup;
			children = (
				C2CD432C1B3E2FA100C399B8 /* Login */,
				C2CD43491B3E2FA100C399B8 /* LoginTests */,
				C2CD432B1B3E2FA100C399B8 /* Products */,
			);
			sourceTree = "<group>";
		};
		C2CD432B1B3E2FA100C399B8 /* Products */ = {
			isa = PBXGroup;
			children = (
				C2CD432A1B3E2FA100C399B8 /* Login.app */,
				C2CD43461B3E2FA100C399B8 /* LoginTests.xctest */,
			);
			name = Products;
			sourceTree = "<group>";
		};
		C2CD432C1B3E2FA100C399B8 /* Login */ = {
			isa = PBXGroup;
			children = (
				C2CD43311B3E2FA100C399B8 /* AppDelegate.h */,
				C2CD43321B3E2FA100C399B8 /* AppDelegate.m */,
				C2CD43371B3E2FA100C399B8 /* ViewController.h */,
				C2CD43381B3E2FA100C399B8 /* ViewController.m */,
				C2CD433A1B3E2FA100C399B8 /* Main.storyboard */,
				C2CD433D1B3E2FA100C399B8 /* Images.xcassets */,
				C2CD433F1B3E2FA100C399B8 /* LaunchScreen.xib */,
				C2CD43341B3E2FA100C399B8 /* Login.xcdatamodeld */,
				C2CD432D1B3E2FA100C399B8 /* Supporting Files */,
			);
			path = Login;
			sourceTree = "<group>";
		};
		C2CD432D1B3E2FA100C399B8 /* Supporting Files */ = {
			isa = PBXGroup;
			children = (
				C2CD432E1B3E2FA100C399B8 /* Info.plist */,
				C2CD432F1B3E2FA100C399B8 /* main.m */,
			);
			name = "Supporting Files";
			sourceTree = "<group>";
		};
		C2CD43491B3E2FA100C399B8 /* LoginTests */ = {
			isa = PBXGroup;
			children = (
				C2CD434C1B3E2FA100C399B8 /* LoginTests.m */,
				C2CD434A1B3E2FA100C399B8 /* Supporting Files */,
			);
			path = LoginTests;
			sourceTree = "<group>";
		};
		C2CD434A1B3E2FA100C399B8 /* Supporting Files */ = {
			isa = PBXGroup;
			children = (
				C2CD434B1B3E2FA100C399B8 /* Info.plist */,
			);
			name = "Supporting Files";
			sourceTree = "<group>";
		};
/* End PBXGroup section */

/* Begin PBXNativeTarget section */
		C2CD43291B3E2FA100C399B8 /* Login */ = {
			isa = PBXNativeTarget;
			buildConfigurationList = C2CD43501B3E2FA100C399B8 /* Build configuration list for PBXNativeTarget "Login" */;
			buildPhases = (
				C2CD43261B3E2FA100C399B8 /* Sources */,
				C2CD43271B3E2FA100C399B8 /* Frameworks */,
				C2CD43281B3E2FA100C399B8 /* Resources */,
			);
			buildRules = (
			);
			dependencies = (
			);
			name = Login;
			productName = Login;
			productReference = C2CD432A1B3E2FA100C399B8 /* Login.app */;
			productType = "com.apple.product-type.application";
		};
		C2CD43451B3E2FA100C399B8 /* LoginTests */ = {
			isa = PBXNativeTarget;
			buildConfigurationList = C2CD43531B3E2FA100C399B8 /* Build configuration list for PBXNativeTarget "LoginTests" */;
			buildPhases = (
				C2CD43421B3E2FA100C399B8 /* Sources */,
				C2CD43431B3E2FA100C399B8 /* Frameworks */,
				C2CD43441B3E2FA100C399B8 /* Resources */,
			);
			buildRules = (
			);
			dependencies = (
				C2CD43481B3E2FA100C399B8 /* PBXTargetDependency */,
			);
			name = LoginTests;
			productName = LoginTests;
			productReference = C2CD43461B3E2FA100C399B8 /* LoginTests.xctest */;
			productType = "com.apple.product-type.bundle.unit-test";
		};
/* End PBXNativeTarget section */

/* Begin PBXProject section */
		C2CD43221B3E2FA100C399B8 /* Project object */ = {
			isa = PBXProject;
			attributes = {
				LastUpgradeCheck = 0630;
				ORGANIZATIONNAME = lanou3g;
				TargetAttributes = {
					C2CD43291B3E2FA100C399B8 = {
						CreatedOnToolsVersion = 6.3.1;
					};
					C2CD43451B3E2FA100C399B8 = {
						CreatedOnToolsVersion = 6.3.1;
						TestTargetID = C2CD43291B3E2FA100C399B8;
					};
				};
			};
			buildConfigurationList = C2CD43251B3E2FA100C399B8 /* Build configuration list for PBXProject "Login" */;
			compatibilityVersion = "Xcode 3.2";
			developmentRegion = English;
			hasScannedForEncodings = 0;
			knownRegions = (
				en,
				Base,
			);
			mainGroup = C2CD43211B3E2FA100C399B8;
			productRefGroup = C2CD432B1B3E2FA100C399B8 /* Products */;
			projectDirPath = "";
			projectRoot = "";
			targets = (
				C2CD43291B3E2FA100C399B8 /* Login */,
				C2CD43451B3E2FA100C399B8 /* LoginTests */,
			);
		};
/* End PBXProject section */

/* Begin PBXResourcesBuildPhase section */
		C2CD43281B3E2FA100C399B8 /* Resources */ = {
			isa = PBXResourcesBuildPhase;
			buildActionMask = 2147483647;
			files = (
				C2CD433C1B3E2FA100C399B8 /* Main.storyboard in Resources */,
				C2CD43411B3E2FA100C399B8 /* LaunchScreen.xib in Resources */,
				C2CD433E1B3E2FA100C399B8 /* Images.xcassets in Resources */,
			);
			runOnlyForDeploymentPostprocessing = 0;
		};
		C2CD43441B3E2FA100C399B8 /* Resources */ = {
			isa = PBXResourcesBuildPhase;
			buildActionMask = 2147483647;
			files = (
			);
			runOnlyForDeploymentPostprocessing = 0;
		};
/* End PBXResourcesBuildPhase section */

/* Begin PBXSourcesBuildPhase section */
		C2CD43261B3E2FA100C399B8 /* Sources */ = {
			isa = PBXSourcesBuildPhase;
			buildActionMask = 2147483647;
			files = (
				C2CD43331B3E2FA100C399B8 /* AppDelegate.m in Sources */,
				C2CD43301B3E2FA100C399B8 /* main.m in Sources */,
				C2CD43391B3E2FA100C399B8 /* ViewController.m in Sources */,
				C2CD43361B3E2FA100C399B8 /* Login.xcdatamodeld in Sources */,
			);
			runOnlyForDeploymentPostprocessing = 0;
		};
		C2CD43421B3E2FA100C399B8 /* Sources */ = {
			isa = PBXSourcesBuildPhase;
			buildActionMask = 2147483647;
			files = (
				C2CD434D1B3E2FA100C399B8 /* LoginTests.m in Sources */,
			);
			runOnlyForDeploymentPostprocessing = 0;
		};
/* End PBXSourcesBuildPhase section */

/* Begin PBXTargetDependency section */
		C2CD43481B3E2FA100C399B8 /* PBXTargetDependency */ = {
			isa = PBXTargetDependency;
			target = C2CD43291B3E2FA100C399B8 /* Login */;
			targetProxy = C2CD43471B3E2FA100C399B8 /* PBXContainerItemProxy */;
		};
/* End PBXTargetDependency section */

/* Begin PBXVariantGroup section */
		C2CD433A1B3E2FA100C399B8 /* Main.storyboard */ = {
			isa = PBXVariantGroup;
			children = (
				C2CD433B1B3E2FA100C399B8 /* Base */,
			);
			name = Main.storyboard;
			sourceTree = "<group>";
		};
		C2CD433F1B3E2FA100C399B8 /* LaunchScreen.xib */ = {
			isa = PBXVariantGroup;
			children = (
				C2CD43401B3E2FA100C399B8 /* Base */,
			);
			name = LaunchScreen.xib;
			sourceTree = "<group>";
		};
/* End PBXVariantGroup section */

/* Begin XCBuildConfiguration section */
		C2CD434E1B3E2FA100C399B8 /* Debug */ = {
			isa = XCBuildConfiguration;
			buildSettings = {
				ALWAYS_SEARCH_USER_PATHS = NO;
				CLANG_CXX_LANGUAGE_STANDARD = "gnu++0x";
				CLANG_CXX_LIBRARY = "libc++";
				CLANG_ENABLE_MODULES = YES;
				CLANG_ENABLE_OBJC_ARC = YES;
				CLANG_WARN_BOOL_CONVERSION = YES;
				CLANG_WARN_CONSTANT_CONVERSION = YES;
				CLANG_WARN_DIRECT_OBJC_ISA_USAGE = YES_ERROR;
				CLANG_WARN_EMPTY_BODY = YES;
				CLANG_WARN_ENUM_CONVERSION = YES;
				CLANG_WARN_INT_CONVERSION = YES;
				CLANG_WARN_OBJC_ROOT_CLASS = YES_ERROR;
				CLANG_WARN_UNREACHABLE_CODE = YES;
				CLANG_WARN__DUPLICATE_METHOD_MATCH = YES;
				"CODE_SIGN_IDENTITY[sdk=iphoneos*]" = "iPhone Developer";
				COPY_PHASE_STRIP = NO;
				DEBUG_INFORMATION_FORMAT = "dwarf-with-dsym";
				ENABLE_STRICT_OBJC_MSGSEND = YES;
				GCC_C_LANGUAGE_STANDARD = gnu99;
				GCC_DYNAMIC_NO_PIC = NO;
				GCC_NO_COMMON_BLOCKS = YES;
				GCC_OPTIMIZATION_LEVEL = 0;
				GCC_PREPROCESSOR_DEFINITIONS = (
					"DEBUG=1",
					"$(inherited)",
				);
				GCC_SYMBOLS_PRIVATE_EXTERN = NO;
				GCC_WARN_64_TO_32_BIT_CONVERSION = YES;
				GCC_WARN_ABOUT_RETURN_TYPE = YES_ERROR;
				GCC_WARN_UNDECLARED_SELECTOR = YES;
				GCC_WARN_UNINITIALIZED_AUTOS = YES_AGGRESSIVE;
				GCC_WARN_UNUSED_FUNCTION = YES;
				GCC_WARN_UNUSED_VARIABLE = YES;
				IPHONEOS_DEPLOYMENT_TARGET = 8.3;
				MTL_ENABLE_DEBUG_INFO = YES;
				ONLY_ACTIVE_ARCH = YES;
				SDKROOT = iphoneos;
				TARGETED_DEVICE_FAMILY = "1,2";
			};
			name = Debug;
		};
		C2CD434F1B3E2FA100C399B8 /* Release */ = {
			isa = XCBuildConfiguration;
			buildSettings = {
				ALWAYS_SEARCH_USER_PATHS = NO;
				CLANG_CXX_LANGUAGE_STANDARD = "gnu++0x";
				CLANG_CXX_LIBRARY = "libc++";
				CLANG_ENABLE_MODULES = YES;
				CLANG_ENABLE_OBJC_ARC = YES;
				CLANG_WARN_BOOL_CONVERSION = YES;
				CLANG_WARN_CONSTANT_CONVERSION = YES;
				CLANG_WARN_DIRECT_OBJC_ISA_USAGE = YES_ERROR;
				CLANG_WARN_EMPTY_BODY = YES;
				CLANG_WARN_ENUM_CONVERSION = YES;
				CLANG_WARN_INT_CONVERSION = YES;
				CLANG_WARN_OBJC_ROOT_CLASS = YES_ERROR;
				CLANG_WARN_UNREACHABLE_CODE = YES;
				CLANG_WARN__DUPLICATE_METHOD_MATCH = YES;
				"CODE_SIGN_IDENTITY[sdk=iphoneos*]" = "iPhone Developer";
				COPY_PHASE_STRIP = NO;
				DEBUG_INFORMATION_FORMAT = "dwarf-with-dsym";
				ENABLE_NS_ASSERTIONS = NO;
				ENABLE_STRICT_OBJC_MSGSEND = YES;
				GCC_C_LANGUAGE_STANDARD = gnu99;
				GCC_NO_COMMON_BLOCKS = YES;
				GCC_WARN_64_TO_32_BIT_CONVERSION = YES;
				GCC_WARN_ABOUT_RETURN_TYPE = YES_ERROR;
				GCC_WARN_UNDECLARED_SELECTOR = YES;
				GCC_WARN_UNINITIALIZED_AUTOS = YES_AGGRESSIVE;
				GCC_WARN_UNUSED_FUNCTION = YES;
				GCC_WARN_UNUSED_VARIABLE = YES;
				IPHONEOS_DEPLOYMENT_TARGET = 8.3;
				MTL_ENABLE_DEBUG_INFO = NO;
				SDKROOT = iphoneos;
				TARGETED_DEVICE_FAMILY = "1,2";
				VALIDATE_PRODUCT = YES;
			};
			name = Release;
		};
		C2CD43511B3E2FA100C399B8 /* Debug */ = {
			isa = XCBuildConfiguration;
			buildSettings = {
				ASSETCATALOG_COMPILER_APPICON_NAME = AppIcon;
				INFOPLIST_FILE = Login/Info.plist;
				LD_RUNPATH_SEARCH_PATHS = "$(inherited) @executable_path/Frameworks";
				PRODUCT_NAME = "$(TARGET_NAME)";
			};
			name = Debug;
		};
		C2CD43521B3E2FA100C399B8 /* Release */ = {
			isa = XCBuildConfiguration;
			buildSettings = {
				ASSETCATALOG_COMPILER_APPICON_NAME = AppIcon;
				INFOPLIST_FILE = Login/Info.plist;
				LD_RUNPATH_SEARCH_PATHS = "$(inherited) @executable_path/Frameworks";
				PRODUCT_NAME = "$(TARGET_NAME)";
			};
			name = Release;
		};
		C2CD43541B3E2FA100C399B8 /* Debug */ = {
			isa = XCBuildConfiguration;
			buildSettings = {
				BUNDLE_LOADER = "$(TEST_HOST)";
				FRAMEWORK_SEARCH_PATHS = (
					"$(SDKROOT)/Developer/Library/Frameworks",
					"$(inherited)",
				);
				GCC_PREPROCESSOR_DEFINITIONS = (
					"DEBUG=1",
					"$(inherited)",
				);
				INFOPLIST_FILE = LoginTests/Info.plist;
				LD_RUNPATH_SEARCH_PATHS = "$(inherited) @executable_path/Frameworks @loader_path/Frameworks";
				PRODUCT_NAME = "$(TARGET_NAME)";
				TEST_HOST = "$(BUILT_PRODUCTS_DIR)/Login.app/Login";
			};
			name = Debug;
		};
		C2CD43551B3E2FA100C399B8 /* Release */ = {
			isa = XCBuildConfiguration;
			buildSettings = {
				BUNDLE_LOADER = "$(TEST_HOST)";
				FRAMEWORK_SEARCH_PATHS = (
					"$(SDKROOT)/Developer/Library/Frameworks",
					"$(inherited)",
				);
				INFOPLIST_FILE = LoginTests/Info.plist;
				LD_RUNPATH_SEARCH_PATHS = "$(inherited) @executable_path/Frameworks @loader_path/Frameworks";
				PRODUCT_NAME = "$(TARGET_NAME)";
				TEST_HOST = "$(BUILT_PRODUCTS_DIR)/Login.app/Login";
			};
			name = Release;
		};
/* End XCBuildConfiguration section */

/* Begin XCConfigurationList section */
		C2CD43251B3E2FA100C399B8 /* Build configuration list for PBXProject "Login" */ = {
			isa = XCConfigurationList;
			buildConfigurations = (
				C2CD434E1B3E2FA100C399B8 /* Debug */,
				C2CD434F1B3E2FA100C399B8 /* Release */,
			);
			defaultConfigurationIsVisible = 0;
			defaultConfigurationName = Release;
		};
		C2CD43501B3E2FA100C399B8 /* Build configuration list for PBXNativeTarget "Login" */ = {
			isa = XCConfigurationList;
			buildConfigurations = (
				C2CD43511B3E2FA100C399B8 /* Debug */,
				C2CD43521B3E2FA100C399B8 /* Release */,
			);
			defaultConfigurationIsVisible = 0;
		};
		C2CD43531B3E2FA100C399B8 /* Build configuration list for PBXNativeTarget "LoginTests" */ = {
			isa = XCConfigurationList;
			buildConfigurations = (
				C2CD43541B3E2FA100C399B8 /* Debug */,
				C2CD43551B3E2FA100C399B8 /* Release */,
			);
			defaultConfigurationIsVisible = 0;
		};
/* End XCConfigurationList section */

/* Begin XCVersionGroup section */
		C2CD43341B3E2FA100C399B8 /* Login.xcdatamodeld */ = {
			isa = XCVersionGroup;
			children = (
				C2CD43351B3E2FA100C399B8 /* Login.xcdatamodel */,
			);
			currentVersion = C2CD43351B3E2FA100C399B8 /* Login.xcdatamodel */;
			path = Login.xcdatamodeld;
			sourceTree = "<group>";
			versionGroupType = wrapper.xcdatamodel;
		};
/* End XCVersionGroup section */
	};
	rootObject = C2CD43221B3E2FA100C399B8 /* Project object */;
}
